{
  "version": 4,
  "terraform_version": "0.12.3",
  "serial": 150,
  "lineage": "45d07bef-6f0f-93ea-af7c-ebbfea744b5a",
  "outputs": {
    "clb_dns_name": {
      "value": "skcc-dev-helloapp-1327208499.ap-northeast-2.elb.amazonaws.com",
      "type": "string"
    }
  },
  "resources": [
    {
      "mode": "data",
      "type": "aws_availability_zones",
      "name": "all",
      "provider": "provider.aws",
      "instances": [
        {
          "schema_version": 0,
          "attributes": {
            "blacklisted_names": null,
            "blacklisted_zone_ids": null,
            "id": "2019-08-06 04:59:16.778717 +0000 UTC",
            "names": [
              "ap-northeast-2a",
              "ap-northeast-2b",
              "ap-northeast-2c"
            ],
            "state": null,
            "zone_ids": [
              "apne2-az1",
              "apne2-az2",
              "apne2-az3"
            ]
          }
        }
      ]
    },
    {
      "module": "module.skcc_dev_helloapp_label",
      "mode": "data",
      "type": "null_data_source",
      "name": "tags_as_list_of_maps",
      "each": "list",
      "provider": "provider.null",
      "instances": [
        {
          "index_key": 0,
          "schema_version": 0,
          "attributes": {
            "has_computed_default": "default",
            "id": "static",
            "inputs": {
              "key": "Company",
              "propagate_at_launch": "true",
              "value": "SK GAS"
            },
            "outputs": {
              "key": "Company",
              "propagate_at_launch": "true",
              "value": "SK GAS"
            },
            "random": "4659706388302437624"
          }
        },
        {
          "index_key": 1,
          "schema_version": 0,
          "attributes": {
            "has_computed_default": "default",
            "id": "static",
            "inputs": {
              "key": "Department",
              "propagate_at_launch": "true",
              "value": "Unit1"
            },
            "outputs": {
              "key": "Department",
              "propagate_at_launch": "true",
              "value": "Unit1"
            },
            "random": "2009065261720989238"
          }
        },
        {
          "index_key": 2,
          "schema_version": 0,
          "attributes": {
            "has_computed_default": "default",
            "id": "static",
            "inputs": {
              "key": "Name",
              "propagate_at_launch": "true",
              "value": "skcc-dev-helloapp"
            },
            "outputs": {
              "key": "Name",
              "propagate_at_launch": "true",
              "value": "skcc-dev-helloapp"
            },
            "random": "6921677652248449552"
          }
        },
        {
          "index_key": 3,
          "schema_version": 0,
          "attributes": {
            "has_computed_default": "default",
            "id": "static",
            "inputs": {
              "key": "Namespace",
              "propagate_at_launch": "true",
              "value": "skcc"
            },
            "outputs": {
              "key": "Namespace",
              "propagate_at_launch": "true",
              "value": "skcc"
            },
            "random": "1439690577061414789"
          }
        },
        {
          "index_key": 4,
          "schema_version": 0,
          "attributes": {
            "has_computed_default": "default",
            "id": "static",
            "inputs": {
              "key": "Stage",
              "propagate_at_launch": "true",
              "value": "dev"
            },
            "outputs": {
              "key": "Stage",
              "propagate_at_launch": "true",
              "value": "dev"
            },
            "random": "3569603045843734973"
          }
        },
        {
          "index_key": 5,
          "schema_version": 0,
          "attributes": {
            "has_computed_default": "default",
            "id": "static",
            "inputs": {
              "key": "User",
              "propagate_at_launch": "true",
              "value": "jingood2@sk.com"
            },
            "outputs": {
              "key": "User",
              "propagate_at_launch": "true",
              "value": "jingood2@sk.com"
            },
            "random": "4427317024187179687"
          }
        }
      ]
    },
    {
      "mode": "managed",
      "type": "aws_autoscaling_group",
      "name": "example",
      "provider": "provider.aws",
      "instances": [
        {
          "schema_version": 0,
          "attributes": {
            "arn": "arn:aws:autoscaling:ap-northeast-2:533616270150:autoScalingGroup:c72520eb-5f18-45da-89e1-d29f8d85f811:autoScalingGroupName/skcc-dev-helloapp-20190806045935380900000002",
            "availability_zones": [
              "ap-northeast-2a",
              "ap-northeast-2b",
              "ap-northeast-2c"
            ],
            "default_cooldown": 300,
            "desired_capacity": 2,
            "enabled_metrics": null,
            "force_delete": false,
            "health_check_grace_period": 300,
            "health_check_type": "ELB",
            "id": "skcc-dev-helloapp-20190806045935380900000002",
            "initial_lifecycle_hook": [],
            "launch_configuration": "skcc-dev-helloapp-20190806045928389100000001",
            "launch_template": [],
            "load_balancers": [
              "skcc-dev-helloapp"
            ],
            "max_size": 3,
            "metrics_granularity": "1Minute",
            "min_elb_capacity": null,
            "min_size": 2,
            "mixed_instances_policy": [],
            "name": "skcc-dev-helloapp-20190806045935380900000002",
            "name_prefix": "skcc-dev-helloapp-",
            "placement_group": "",
            "protect_from_scale_in": false,
            "service_linked_role_arn": "arn:aws:iam::533616270150:role/aws-service-role/autoscaling.amazonaws.com/AWSServiceRoleForAutoScaling",
            "suspended_processes": null,
            "tag": [],
            "tags": [
              {
                "key": "Company",
                "propagate_at_launch": "true",
                "value": "SK GAS"
              },
              {
                "key": "Department",
                "propagate_at_launch": "true",
                "value": "Unit1"
              },
              {
                "key": "Name",
                "propagate_at_launch": "true",
                "value": "skcc-dev-helloapp"
              },
              {
                "key": "Namespace",
                "propagate_at_launch": "true",
                "value": "skcc"
              },
              {
                "key": "Stage",
                "propagate_at_launch": "true",
                "value": "dev"
              },
              {
                "key": "User",
                "propagate_at_launch": "true",
                "value": "jingood2@sk.com"
              }
            ],
            "target_group_arns": [],
            "termination_policies": null,
            "timeouts": null,
            "vpc_zone_identifier": [],
            "wait_for_capacity_timeout": "10m",
            "wait_for_elb_capacity": null
          },
          "private": "eyJlMmJmYjczMC1lY2FhLTExZTYtOGY4OC0zNDM2M2JjN2M0YzAiOnsiZGVsZXRlIjo2MDAwMDAwMDAwMDB9fQ==",
          "depends_on": [
            "aws_elb.example",
            "aws_launch_configuration.example",
            "data.aws_availability_zones.all",
            "module.skcc_dev_helloapp_label"
          ]
        }
      ]
    },
    {
      "mode": "managed",
      "type": "aws_elb",
      "name": "example",
      "provider": "provider.aws",
      "instances": [
        {
          "schema_version": 0,
          "attributes": {
            "access_logs": [],
            "arn": "arn:aws:elasticloadbalancing:ap-northeast-2:533616270150:loadbalancer/skcc-dev-helloapp",
            "availability_zones": [
              "ap-northeast-2a",
              "ap-northeast-2b",
              "ap-northeast-2c"
            ],
            "connection_draining": false,
            "connection_draining_timeout": 300,
            "cross_zone_load_balancing": true,
            "dns_name": "skcc-dev-helloapp-1327208499.ap-northeast-2.elb.amazonaws.com",
            "health_check": [
              {
                "healthy_threshold": 2,
                "interval": 30,
                "target": "HTTP:8080/",
                "timeout": 3,
                "unhealthy_threshold": 2
              }
            ],
            "id": "skcc-dev-helloapp",
            "idle_timeout": 60,
            "instances": [],
            "internal": false,
            "listener": [
              {
                "instance_port": 8080,
                "instance_protocol": "http",
                "lb_port": 80,
                "lb_protocol": "http",
                "ssl_certificate_id": ""
              }
            ],
            "name": "skcc-dev-helloapp",
            "name_prefix": null,
            "security_groups": [
              "sg-05ab6fbb79c82c9be"
            ],
            "source_security_group": "533616270150/skcc-dev-helloapp-elb",
            "source_security_group_id": "sg-05ab6fbb79c82c9be",
            "subnets": [
              "subnet-089616bd34b60f833",
              "subnet-09e7ff3b8d961632f",
              "subnet-0a9d844bf5b2a3f88"
            ],
            "tags": {
              "Company": "SK GAS",
              "Department": "Unit1",
              "Name": "skcc-dev-helloapp",
              "Namespace": "skcc",
              "Stage": "dev",
              "User": "jingood2@sk.com"
            },
            "zone_id": "ZWKZPGTI48KDX"
          },
          "private": "bnVsbA==",
          "depends_on": [
            "aws_security_group.elb",
            "data.aws_availability_zones.all",
            "module.skcc_dev_helloapp_label"
          ]
        }
      ]
    },
    {
      "mode": "managed",
      "type": "aws_launch_configuration",
      "name": "example",
      "provider": "provider.aws",
      "instances": [
        {
          "schema_version": 0,
          "attributes": {
            "associate_public_ip_address": false,
            "ebs_block_device": [],
            "ebs_optimized": false,
            "enable_monitoring": true,
            "ephemeral_block_device": [],
            "iam_instance_profile": "",
            "id": "skcc-dev-helloapp-20190806045928389100000001",
            "image_id": "ami-0a25005e83c56767a",
            "instance_type": "t2.nano",
            "key_name": "",
            "name": "skcc-dev-helloapp-20190806045928389100000001",
            "name_prefix": "skcc-dev-helloapp-",
            "placement_tenancy": null,
            "root_block_device": [],
            "security_groups": [
              "sg-07cdd395a3b74605e"
            ],
            "spot_price": "",
            "user_data": "4430fd6498339061effa6d27ccf341a1e94569d7",
            "user_data_base64": null,
            "vpc_classic_link_id": "",
            "vpc_classic_link_security_groups": null
          },
          "private": "bnVsbA==",
          "depends_on": [
            "aws_security_group.instance",
            "module.skcc_dev_helloapp_label"
          ]
        }
      ]
    },
    {
      "mode": "managed",
      "type": "aws_security_group",
      "name": "elb",
      "provider": "provider.aws",
      "instances": [
        {
          "schema_version": 1,
          "attributes": {
            "arn": "arn:aws:ec2:ap-northeast-2:533616270150:security-group/sg-05ab6fbb79c82c9be",
            "description": "Managed by Terraform",
            "egress": [
              {
                "cidr_blocks": [
                  "0.0.0.0/0"
                ],
                "description": "",
                "from_port": 0,
                "ipv6_cidr_blocks": [],
                "prefix_list_ids": [],
                "protocol": "-1",
                "security_groups": [],
                "self": false,
                "to_port": 0
              }
            ],
            "id": "sg-05ab6fbb79c82c9be",
            "ingress": [
              {
                "cidr_blocks": [
                  "0.0.0.0/0"
                ],
                "description": "",
                "from_port": 80,
                "ipv6_cidr_blocks": [],
                "prefix_list_ids": [],
                "protocol": "tcp",
                "security_groups": [],
                "self": false,
                "to_port": 80
              }
            ],
            "name": "skcc-dev-helloapp-elb",
            "name_prefix": null,
            "owner_id": "533616270150",
            "revoke_rules_on_delete": false,
            "tags": {
              "Company": "SK GAS",
              "Department": "Unit1",
              "Name": "skcc-dev-helloapp",
              "Namespace": "skcc",
              "Stage": "dev",
              "User": "jingood2@sk.com"
            },
            "timeouts": null,
            "vpc_id": "vpc-00cf060c10dbaaf82"
          },
          "private": "eyJlMmJmYjczMC1lY2FhLTExZTYtOGY4OC0zNDM2M2JjN2M0YzAiOnsiY3JlYXRlIjo2MDAwMDAwMDAwMDAsImRlbGV0ZSI6NjAwMDAwMDAwMDAwfSwic2NoZW1hX3ZlcnNpb24iOiIxIn0=",
          "depends_on": [
            "module.skcc_dev_helloapp_label"
          ]
        }
      ]
    },
    {
      "mode": "managed",
      "type": "aws_security_group",
      "name": "instance",
      "provider": "provider.aws",
      "instances": [
        {
          "schema_version": 1,
          "attributes": {
            "arn": "arn:aws:ec2:ap-northeast-2:533616270150:security-group/sg-07cdd395a3b74605e",
            "description": "Managed by Terraform",
            "egress": [],
            "id": "sg-07cdd395a3b74605e",
            "ingress": [
              {
                "cidr_blocks": [
                  "0.0.0.0/0"
                ],
                "description": "",
                "from_port": 8080,
                "ipv6_cidr_blocks": [],
                "prefix_list_ids": [],
                "protocol": "tcp",
                "security_groups": [],
                "self": false,
                "to_port": 8080
              }
            ],
            "name": "skcc-dev-helloapp-ec2",
            "name_prefix": null,
            "owner_id": "533616270150",
            "revoke_rules_on_delete": false,
            "tags": {
              "Company": "SK GAS",
              "Department": "Unit1",
              "Name": "skcc-dev-helloapp",
              "Namespace": "skcc",
              "Stage": "dev",
              "User": "jingood2@sk.com"
            },
            "timeouts": null,
            "vpc_id": "vpc-00cf060c10dbaaf82"
          },
          "private": "eyJlMmJmYjczMC1lY2FhLTExZTYtOGY4OC0zNDM2M2JjN2M0YzAiOnsiY3JlYXRlIjo2MDAwMDAwMDAwMDAsImRlbGV0ZSI6NjAwMDAwMDAwMDAwfSwic2NoZW1hX3ZlcnNpb24iOiIxIn0=",
          "depends_on": [
            "module.skcc_dev_helloapp_label"
          ]
        }
      ]
    }
  ]
}
