{
  "version": 4,
  "terraform_version": "0.12.3",
  "serial": 3,
  "lineage": "35c94125-9b29-b602-70eb-0b74d059318c",
  "outputs": {},
  "resources": [
    {
      "module": "module.s3_bucket",
      "mode": "data",
      "type": "aws_iam_policy_document",
      "name": "bucket_policy",
      "each": "list",
      "provider": "provider.aws",
      "instances": []
    },
    {
      "module": "module.s3_bucket.module.s3_user",
      "mode": "data",
      "type": "aws_iam_policy_document",
      "name": "default",
      "each": "list",
      "provider": "provider.aws",
      "instances": []
    },
    {
      "module": "module.s3_bucket.module.default_label",
      "mode": "data",
      "type": "null_data_source",
      "name": "tags_as_list_of_maps",
      "each": "list",
      "provider": "provider.null",
      "instances": [
        {
          "index_key": 0,
          "schema_version": 0,
          "attributes": {
            "has_computed_default": "default",
            "id": "static",
            "inputs": {
              "key": "Name",
              "value": "skcc-dev-tfstate"
            },
            "outputs": {
              "key": "Name",
              "value": "skcc-dev-tfstate"
            },
            "random": "7066002754237440922"
          }
        },
        {
          "index_key": 1,
          "schema_version": 0,
          "attributes": {
            "has_computed_default": "default",
            "id": "static",
            "inputs": {
              "key": "Namespace",
              "value": "skcc"
            },
            "outputs": {
              "key": "Namespace",
              "value": "skcc"
            },
            "random": "5809746909042596503"
          }
        },
        {
          "index_key": 2,
          "schema_version": 0,
          "attributes": {
            "has_computed_default": "default",
            "id": "static",
            "inputs": {
              "key": "Stage",
              "value": "dev"
            },
            "outputs": {
              "key": "Stage",
              "value": "dev"
            },
            "random": "1569701795986371028"
          }
        }
      ]
    },
    {
      "module": "module.s3_bucket.module.s3_user.module.s3_user.module.label",
      "mode": "data",
      "type": "null_data_source",
      "name": "tags_as_list_of_maps",
      "each": "list",
      "provider": "provider.null",
      "instances": []
    },
    {
      "mode": "managed",
      "type": "aws_dynamodb_table",
      "name": "terraform_state_lock",
      "provider": "provider.aws",
      "instances": [
        {
          "schema_version": 1,
          "attributes": {
            "arn": "arn:aws:dynamodb:ap-northeast-2:533616270150:table/skcc-dev-tfstate-lock",
            "attribute": [
              {
                "name": "LockID",
                "type": "S"
              }
            ],
            "billing_mode": "PROVISIONED",
            "global_secondary_index": [],
            "hash_key": "LockID",
            "id": "skcc-dev-tfstate-lock",
            "local_secondary_index": [],
            "name": "skcc-dev-tfstate-lock",
            "point_in_time_recovery": [
              {
                "enabled": false
              }
            ],
            "range_key": null,
            "read_capacity": 1,
            "server_side_encryption": [],
            "stream_arn": "",
            "stream_enabled": false,
            "stream_label": "",
            "stream_view_type": "",
            "tags": null,
            "timeouts": null,
            "ttl": [
              {
                "attribute_name": "",
                "enabled": false
              }
            ],
            "write_capacity": 1
          },
          "private": "eyJlMmJmYjczMC1lY2FhLTExZTYtOGY4OC0zNDM2M2JjN2M0YzAiOnsiY3JlYXRlIjo2MDAwMDAwMDAwMDAsImRlbGV0ZSI6NjAwMDAwMDAwMDAwLCJ1cGRhdGUiOjM2MDAwMDAwMDAwMDB9LCJzY2hlbWFfdmVyc2lvbiI6IjEifQ==",
          "depends_on": [
            "module.s3_bucket"
          ]
        }
      ]
    },
    {
      "module": "module.s3_bucket.module.s3_user.module.s3_user",
      "mode": "managed",
      "type": "aws_iam_access_key",
      "name": "default",
      "each": "list",
      "provider": "provider.aws",
      "instances": []
    },
    {
      "module": "module.s3_bucket.module.s3_user.module.s3_user",
      "mode": "managed",
      "type": "aws_iam_user",
      "name": "default",
      "each": "list",
      "provider": "provider.aws",
      "instances": []
    },
    {
      "module": "module.s3_bucket.module.s3_user",
      "mode": "managed",
      "type": "aws_iam_user_policy",
      "name": "default",
      "each": "list",
      "provider": "provider.aws",
      "instances": []
    },
    {
      "module": "module.s3_bucket",
      "mode": "managed",
      "type": "aws_s3_bucket",
      "name": "default",
      "each": "list",
      "provider": "provider.aws",
      "instances": [
        {
          "index_key": 0,
          "schema_version": 0,
          "attributes": {
            "acceleration_status": "",
            "acl": "private",
            "arn": "arn:aws:s3:::skcc-dev-tfstate",
            "bucket": "skcc-dev-tfstate",
            "bucket_domain_name": "skcc-dev-tfstate.s3.amazonaws.com",
            "bucket_prefix": null,
            "bucket_regional_domain_name": "skcc-dev-tfstate.s3.ap-northeast-2.amazonaws.com",
            "cors_rule": [],
            "force_destroy": false,
            "hosted_zone_id": "Z3W03O7B5YMIYP",
            "id": "skcc-dev-tfstate",
            "lifecycle_rule": [],
            "logging": [],
            "object_lock_configuration": [],
            "policy": "",
            "region": "ap-northeast-2",
            "replication_configuration": [],
            "request_payer": "BucketOwner",
            "server_side_encryption_configuration": [
              {
                "rule": [
                  {
                    "apply_server_side_encryption_by_default": [
                      {
                        "kms_master_key_id": "",
                        "sse_algorithm": "AES256"
                      }
                    ]
                  }
                ]
              }
            ],
            "tags": {
              "Name": "skcc-dev-tfstate",
              "Namespace": "skcc",
              "Stage": "dev"
            },
            "versioning": [
              {
                "enabled": true,
                "mfa_delete": false
              }
            ],
            "website": [],
            "website_domain": null,
            "website_endpoint": null
          },
          "private": "bnVsbA==",
          "depends_on": [
            "module.default_label"
          ]
        }
      ]
    },
    {
      "module": "module.s3_bucket",
      "mode": "managed",
      "type": "aws_s3_bucket_policy",
      "name": "default",
      "each": "list",
      "provider": "provider.aws",
      "instances": []
    }
  ]
}
